
Microsoft Visual Studio Solution File, Format Version 12.00
# Visual Studio Version 17
VisualStudioVersion = 17.7.34221.43
MinimumVisualStudioVersion = 10.0.40219.1
Project("{FAE04EC0-301F-11D3-BF4B-00C04F79EFBC}") = "BookReview", "BookReview\BookReview.csproj", "{2E33F041-5BB2-4711-A79B-7AE6C0A3227B}"
EndProject
Global
	GlobalSection(SolutionConfigurationPlatforms) = preSolution
		Debug|Any CPU = Debug|Any CPU
		Release|Any CPU = Release|Any CPU
	EndGlobalSection
	GlobalSection(ProjectConfigurationPlatforms) = postSolution
		{2E33F041-5BB2-4711-A79B-7AE6C0A3227B}.Debug|Any CPU.ActiveCfg = Debug|Any CPU
		{2E33F041-5BB2-4711-A79B-7AE6C0A3227B}.Debug|Any CPU.Build.0 = Debug|Any CPU
		{2E33F041-5BB2-4711-A79B-7AE6C0A3227B}.Release|Any CPU.ActiveCfg = Release|Any CPU
		{2E33F041-5BB2-4711-A79B-7AE6C0A3227B}.Release|Any CPU.Build.0 = Release|Any CPU
	EndGlobalSection
	GlobalSection(SolutionProperties) = preSolution
		HideSolutionNode = FALSE
	EndGlobalSection
	GlobalSection(ExtensibilityGlobals) = postSolution
		SolutionGuid = {207E286C-814E-4A3C-93B5-3D476D88A633}
	EndGlobalSection
EndGlobal
